
Microsoft Visual Studio Solution File, Format Version 12.00
# Visual Studio Version 17
VisualStudioVersion = 17.14.37012.4 d17.14
MinimumVisualStudioVersion = 10.0.40219.1
Project("{FAE04EC0-301F-11D3-BF4B-00C04F79EFBC}") = "Task 4", "Task 4\Task 4.csproj", "{8B8A6837-069C-4A61-BDAF-4869BD8A7EFC}"
EndProject
Global
	GlobalSection(SolutionConfigurationPlatforms) = preSolution
		Debug|Any CPU = Debug|Any CPU
		Release|Any CPU = Release|Any CPU
	EndGlobalSection
	GlobalSection(ProjectConfigurationPlatforms) = postSolution
		{8B8A6837-069C-4A61-BDAF-4869BD8A7EFC}.Debug|Any CPU.ActiveCfg = Debug|Any CPU
		{8B8A6837-069C-4A61-BDAF-4869BD8A7EFC}.Debug|Any CPU.Build.0 = Debug|Any CPU
		{8B8A6837-069C-4A61-BDAF-4869BD8A7EFC}.Release|Any CPU.ActiveCfg = Release|Any CPU
		{8B8A6837-069C-4A61-BDAF-4869BD8A7EFC}.Release|Any CPU.Build.0 = Release|Any CPU
	EndGlobalSection
	GlobalSection(SolutionProperties) = preSolution
		HideSolutionNode = FALSE
	EndGlobalSection
	GlobalSection(ExtensibilityGlobals) = postSolution
		SolutionGuid = {5DAF1F61-7292-4F33-9EA3-6EF4BCE79B7E}
	EndGlobalSection
EndGlobal
